
Microsoft Visual Studio Solution File, Format Version 12.00
# Visual Studio Version 16
VisualStudioVersion = 16.0.31129.286
MinimumVisualStudioVersion = 10.0.40219.1
Project("{FAE04EC0-301F-11D3-BF4B-00C04F79EFBC}") = "TestingWithGit", "TestingWithGit\TestingWithGit.csproj", "{4007FAC7-3A72-430D-9108-0EA14388C3EA}"
EndProject
Global
	GlobalSection(SolutionConfigurationPlatforms) = preSolution
		Debug|Any CPU = Debug|Any CPU
		Release|Any CPU = Release|Any CPU
	EndGlobalSection
	GlobalSection(ProjectConfigurationPlatforms) = postSolution
		{4007FAC7-3A72-430D-9108-0EA14388C3EA}.Debug|Any CPU.ActiveCfg = Debug|Any CPU
		{4007FAC7-3A72-430D-9108-0EA14388C3EA}.Debug|Any CPU.Build.0 = Debug|Any CPU
		{4007FAC7-3A72-430D-9108-0EA14388C3EA}.Release|Any CPU.ActiveCfg = Release|Any CPU
		{4007FAC7-3A72-430D-9108-0EA14388C3EA}.Release|Any CPU.Build.0 = Release|Any CPU
	EndGlobalSection
	GlobalSection(SolutionProperties) = preSolution
		HideSolutionNode = FALSE
	EndGlobalSection
	GlobalSection(ExtensibilityGlobals) = postSolution
		SolutionGuid = {2190E152-2AB4-4A4E-92A6-61D699041B0A}
	EndGlobalSection
EndGlobal
